// !$*UTF8*$!
{
	archiveVersion = 1;
	classes = {
	};
	objectVersion = 50;
	objects = {

/* Begin PBXBuildFile section */
		EB7370A1207298E9003D8F47 /* AppDelegate.swift in Sources */ = {isa = PBXBuildFile; fileRef = EB7370A0207298E9003D8F47 /* AppDelegate.swift */; };
		EB7370A3207298E9003D8F47 /* RootViewController.swift in Sources */ = {isa = PBXBuildFile; fileRef = EB7370A2207298E9003D8F47 /* RootViewController.swift */; };
		EB7370A5207298E9003D8F47 /* DataViewController.swift in Sources */ = {isa = PBXBuildFile; fileRef = EB7370A4207298E9003D8F47 /* DataViewController.swift */; };
		EB7370A7207298E9003D8F47 /* ModelController.swift in Sources */ = {isa = PBXBuildFile; fileRef = EB7370A6207298E9003D8F47 /* ModelController.swift */; };
		EB7370AA207298E9003D8F47 /* Main.storyboard in Resources */ = {isa = PBXBuildFile; fileRef = EB7370A8207298E9003D8F47 /* Main.storyboard */; };
		EB7370AC207298EA003D8F47 /* Assets.xcassets in Resources */ = {isa = PBXBuildFile; fileRef = EB7370AB207298EA003D8F47 /* Assets.xcassets */; };
		EB7370AF207298EA003D8F47 /* LaunchScreen.storyboard in Resources */ = {isa = PBXBuildFile; fileRef = EB7370AD207298EA003D8F47 /* LaunchScreen.storyboard */; };
		EB7370BA207298EA003D8F47 /* XCCov_DemoTests.swift in Sources */ = {isa = PBXBuildFile; fileRef = EB7370B9207298EA003D8F47 /* XCCov_DemoTests.swift */; };
		EB7370C5207298EA003D8F47 /* XCCov_DemoUITests.swift in Sources */ = {isa = PBXBuildFile; fileRef = EB7370C4207298EA003D8F47 /* XCCov_DemoUITests.swift */; };
/* End PBXBuildFile section */

/* Begin PBXContainerItemProxy section */
		EB7370B6207298EA003D8F47 /* PBXContainerItemProxy */ = {
			isa = PBXContainerItemProxy;
			containerPortal = EB737095207298E9003D8F47 /* Project object */;
			proxyType = 1;
			remoteGlobalIDString = EB73709C207298E9003D8F47;
			remoteInfo = "XCCov-Demo";
		};
		EB7370C1207298EA003D8F47 /* PBXContainerItemProxy */ = {
			isa = PBXContainerItemProxy;
			containerPortal = EB737095207298E9003D8F47 /* Project object */;
			proxyType = 1;
			remoteGlobalIDString = EB73709C207298E9003D8F47;
			remoteInfo = "XCCov-Demo";
		};
/* End PBXContainerItemProxy section */

/* Begin PBXFileReference section */
		EB73709D207298E9003D8F47 /* XCCov-Demo.app */ = {isa = PBXFileReference; explicitFileType = wrapper.application; includeInIndex = 0; path = "XCCov-Demo.app"; sourceTree = BUILT_PRODUCTS_DIR; };
		EB7370A0207298E9003D8F47 /* AppDelegate.swift */ = {isa = PBXFileReference; lastKnownFileType = sourcecode.swift; path = AppDelegate.swift; sourceTree = "<group>"; };
		EB7370A2207298E9003D8F47 /* RootViewController.swift */ = {isa = PBXFileReference; lastKnownFileType = sourcecode.swift; path = RootViewController.swift; sourceTree = "<group>"; };
		EB7370A4207298E9003D8F47 /* DataViewController.swift */ = {isa = PBXFileReference; lastKnownFileType = sourcecode.swift; path = DataViewController.swift; sourceTree = "<group>"; };
		EB7370A6207298E9003D8F47 /* ModelController.swift */ = {isa = PBXFileReference; lastKnownFileType = sourcecode.swift; path = ModelController.swift; sourceTree = "<group>"; };
		EB7370A9207298E9003D8F47 /* Base */ = {isa = PBXFileReference; lastKnownFileType = file.storyboard; name = Base; path = Base.lproj/Main.storyboard; sourceTree = "<group>"; };
		EB7370AB207298EA003D8F47 /* Assets.xcassets */ = {isa = PBXFileReference; lastKnownFileType = folder.assetcatalog; path = Assets.xcassets; sourceTree = "<group>"; };
		EB7370AE207298EA003D8F47 /* Base */ = {isa = PBXFileReference; lastKnownFileType = file.storyboard; name = Base; path = Base.lproj/LaunchScreen.storyboard; sourceTree = "<group>"; };
		EB7370B0207298EA003D8F47 /* Info.plist */ = {isa = PBXFileReference; lastKnownFileType = text.plist.xml; path = Info.plist; sourceTree = "<group>"; };
		EB7370B5207298EA003D8F47 /* XCCov-DemoTests.xctest */ = {isa = PBXFileReference; explicitFileType = wrapper.cfbundle; includeInIndex = 0; path = "XCCov-DemoTests.xctest"; sourceTree = BUILT_PRODUCTS_DIR; };
		EB7370B9207298EA003D8F47 /* XCCov_DemoTests.swift */ = {isa = PBXFileReference; lastKnownFileType = sourcecode.swift; path = XCCov_DemoTests.swift; sourceTree = "<group>"; };
		EB7370BB207298EA003D8F47 /* Info.plist */ = {isa = PBXFileReference; lastKnownFileType = text.plist.xml; path = Info.plist; sourceTree = "<group>"; };
		EB7370C0207298EA003D8F47 /* XCCov-DemoUITests.xctest */ = {isa = PBXFileReference; explicitFileType = wrapper.cfbundle; includeInIndex = 0; path = "XCCov-DemoUITests.xctest"; sourceTree = BUILT_PRODUCTS_DIR; };
		EB7370C4207298EA003D8F47 /* XCCov_DemoUITests.swift */ = {isa = PBXFileReference; lastKnownFileType = sourcecode.swift; path = XCCov_DemoUITests.swift; sourceTree = "<group>"; };
		EB7370C6207298EA003D8F47 /* Info.plist */ = {isa = PBXFileReference; lastKnownFileType = text.plist.xml; path = Info.plist; sourceTree = "<group>"; };
		EB7370D22072A3A7003D8F47 /* README.md */ = {isa = PBXFileReference; lastKnownFileType = net.daringfireball.markdown; path = README.md; sourceTree = "<group>"; };
/* End PBXFileReference section */

/* Begin PBXFrameworksBuildPhase section */
		EB73709A207298E9003D8F47 /* Frameworks */ = {
			isa = PBXFrameworksBuildPhase;
			buildActionMask = 2147483647;
			files = (
			);
			runOnlyForDeploymentPostprocessing = 0;
		};
		EB7370B2207298EA003D8F47 /* Frameworks */ = {
			isa = PBXFrameworksBuildPhase;
			buildActionMask = 2147483647;
			files = (
			);
			runOnlyForDeploymentPostprocessing = 0;
		};
		EB7370BD207298EA003D8F47 /* Frameworks */ = {
			isa = PBXFrameworksBuildPhase;
			buildActionMask = 2147483647;
			files = (
			);
			runOnlyForDeploymentPostprocessing = 0;
		};
/* End PBXFrameworksBuildPhase section */

/* Begin PBXGroup section */
		EB737094207298E9003D8F47 = {
			isa = PBXGroup;
			children = (
				EB7370D22072A3A7003D8F47 /* README.md */,
				EB73709F207298E9003D8F47 /* XCCov-Demo */,
				EB7370B8207298EA003D8F47 /* XCCov-DemoTests */,
				EB7370C3207298EA003D8F47 /* XCCov-DemoUITests */,
				EB73709E207298E9003D8F47 /* Products */,
			);
			sourceTree = "<group>";
		};
		EB73709E207298E9003D8F47 /* Products */ = {
			isa = PBXGroup;
			children = (
				EB73709D207298E9003D8F47 /* XCCov-Demo.app */,
				EB7370B5207298EA003D8F47 /* XCCov-DemoTests.xctest */,
				EB7370C0207298EA003D8F47 /* XCCov-DemoUITests.xctest */,
			);
			name = Products;
			sourceTree = "<group>";
		};
		EB73709F207298E9003D8F47 /* XCCov-Demo */ = {
			isa = PBXGroup;
			children = (
				EB7370A0207298E9003D8F47 /* AppDelegate.swift */,
				EB7370A2207298E9003D8F47 /* RootViewController.swift */,
				EB7370A4207298E9003D8F47 /* DataViewController.swift */,
				EB7370A6207298E9003D8F47 /* ModelController.swift */,
				EB7370A8207298E9003D8F47 /* Main.storyboard */,
				EB7370AB207298EA003D8F47 /* Assets.xcassets */,
				EB7370AD207298EA003D8F47 /* LaunchScreen.storyboard */,
				EB7370B0207298EA003D8F47 /* Info.plist */,
			);
			path = "XCCov-Demo";
			sourceTree = "<group>";
		};
		EB7370B8207298EA003D8F47 /* XCCov-DemoTests */ = {
			isa = PBXGroup;
			children = (
				EB7370B9207298EA003D8F47 /* XCCov_DemoTests.swift */,
				EB7370BB207298EA003D8F47 /* Info.plist */,
			);
			path = "XCCov-DemoTests";
			sourceTree = "<group>";
		};
		EB7370C3207298EA003D8F47 /* XCCov-DemoUITests */ = {
			isa = PBXGroup;
			children = (
				EB7370C4207298EA003D8F47 /* XCCov_DemoUITests.swift */,
				EB7370C6207298EA003D8F47 /* Info.plist */,
			);
			path = "XCCov-DemoUITests";
			sourceTree = "<group>";
		};
/* End PBXGroup section */

/* Begin PBXNativeTarget section */
		EB73709C207298E9003D8F47 /* XCCov-Demo */ = {
			isa = PBXNativeTarget;
			buildConfigurationList = EB7370C9207298EA003D8F47 /* Build configuration list for PBXNativeTarget "XCCov-Demo" */;
			buildPhases = (
				EB737099207298E9003D8F47 /* Sources */,
				EB73709A207298E9003D8F47 /* Frameworks */,
				EB73709B207298E9003D8F47 /* Resources */,
			);
			buildRules = (
			);
			dependencies = (
			);
			name = "XCCov-Demo";
			productName = "XCCov-Demo";
			productReference = EB73709D207298E9003D8F47 /* XCCov-Demo.app */;
			productType = "com.apple.product-type.application";
		};
		EB7370B4207298EA003D8F47 /* XCCov-DemoTests */ = {
			isa = PBXNativeTarget;
			buildConfigurationList = EB7370CC207298EA003D8F47 /* Build configuration list for PBXNativeTarget "XCCov-DemoTests" */;
			buildPhases = (
				EB7370B1207298EA003D8F47 /* Sources */,
				EB7370B2207298EA003D8F47 /* Frameworks */,
				EB7370B3207298EA003D8F47 /* Resources */,
			);
			buildRules = (
			);
			dependencies = (
				EB7370B7207298EA003D8F47 /* PBXTargetDependency */,
			);
			name = "XCCov-DemoTests";
			productName = "XCCov-DemoTests";
			productReference = EB7370B5207298EA003D8F47 /* XCCov-DemoTests.xctest */;
			productType = "com.apple.product-type.bundle.unit-test";
		};
		EB7370BF207298EA003D8F47 /* XCCov-DemoUITests */ = {
			isa = PBXNativeTarget;
			buildConfigurationList = EB7370CF207298EA003D8F47 /* Build configuration list for PBXNativeTarget "XCCov-DemoUITests" */;
			buildPhases = (
				EB7370BC207298EA003D8F47 /* Sources */,
				EB7370BD207298EA003D8F47 /* Frameworks */,
				EB7370BE207298EA003D8F47 /* Resources */,
			);
			buildRules = (
			);
			dependencies = (
				EB7370C2207298EA003D8F47 /* PBXTargetDependency */,
			);
			name = "XCCov-DemoUITests";
			productName = "XCCov-DemoUITests";
			productReference = EB7370C0207298EA003D8F47 /* XCCov-DemoUITests.xctest */;
			productType = "com.apple.product-type.bundle.ui-testing";
		};
/* End PBXNativeTarget section */

/* Begin PBXProject section */
		EB737095207298E9003D8F47 /* Project object */ = {
			isa = PBXProject;
			attributes = {
				LastSwiftUpdateCheck = 0930;
				LastUpgradeCheck = 0930;
				ORGANIZATIONNAME = "Shashikant Jagtap";
				TargetAttributes = {
					EB73709C207298E9003D8F47 = {
						CreatedOnToolsVersion = 9.3;
					};
					EB7370B4207298EA003D8F47 = {
						CreatedOnToolsVersion = 9.3;
						TestTargetID = EB73709C207298E9003D8F47;
					};
					EB7370BF207298EA003D8F47 = {
						CreatedOnToolsVersion = 9.3;
						TestTargetID = EB73709C207298E9003D8F47;
					};
				};
			};
			buildConfigurationList = EB737098207298E9003D8F47 /* Build configuration list for PBXProject "XCCov-Demo" */;
			compatibilityVersion = "Xcode 9.3";
			developmentRegion = en;
			hasScannedForEncodings = 0;
			knownRegions = (
				en,
				Base,
			);
			mainGroup = EB737094207298E9003D8F47;
			productRefGroup = EB73709E207298E9003D8F47 /* Products */;
			projectDirPath = "";
			projectRoot = "";
			targets = (
				EB73709C207298E9003D8F47 /* XCCov-Demo */,
				EB7370B4207298EA003D8F47 /* XCCov-DemoTests */,
				EB7370BF207298EA003D8F47 /* XCCov-DemoUITests */,
			);
		};
/* End PBXProject section */

/* Begin PBXResourcesBuildPhase section */
		EB73709B207298E9003D8F47 /* Resources */ = {
			isa = PBXResourcesBuildPhase;
			buildActionMask = 2147483647;
			files = (
				EB7370AF207298EA003D8F47 /* LaunchScreen.storyboard in Resources */,
				EB7370AC207298EA003D8F47 /* Assets.xcassets in Resources */,
				EB7370AA207298E9003D8F47 /* Main.storyboard in Resources */,
			);
			runOnlyForDeploymentPostprocessing = 0;
		};
		EB7370B3207298EA003D8F47 /* Resources */ = {
			isa = PBXResourcesBuildPhase;
			buildActionMask = 2147483647;
			files = (
			);
			runOnlyForDeploymentPostprocessing = 0;
		};
		EB7370BE207298EA003D8F47 /* Resources */ = {
			isa = PBXResourcesBuildPhase;
			buildActionMask = 2147483647;
			files = (
			);
			runOnlyForDeploymentPostprocessing = 0;
		};
/* End PBXResourcesBuildPhase section */

/* Begin PBXSourcesBuildPhase section */
		EB737099207298E9003D8F47 /* Sources */ = {
			isa = PBXSourcesBuildPhase;
			buildActionMask = 2147483647;
			files = (
				EB7370A3207298E9003D8F47 /* RootViewController.swift in Sources */,
				EB7370A7207298E9003D8F47 /* ModelController.swift in Sources */,
				EB7370A5207298E9003D8F47 /* DataViewController.swift in Sources */,
				EB7370A1207298E9003D8F47 /* AppDelegate.swift in Sources */,
			);
			runOnlyForDeploymentPostprocessing = 0;
		};
		EB7370B1207298EA003D8F47 /* Sources */ = {
			isa = PBXSourcesBuildPhase;
			buildActionMask = 2147483647;
			files = (
				EB7370BA207298EA003D8F47 /* XCCov_DemoTests.swift in Sources */,
			);
			runOnlyForDeploymentPostprocessing = 0;
		};
		EB7370BC207298EA003D8F47 /* Sources */ = {
			isa = PBXSourcesBuildPhase;
			buildActionMask = 2147483647;
			files = (
				EB7370C5207298EA003D8F47 /* XCCov_DemoUITests.swift in Sources */,
			);
			runOnlyForDeploymentPostprocessing = 0;
		};
/* End PBXSourcesBuildPhase section */

/* Begin PBXTargetDependency section */
		EB7370B7207298EA003D8F47 /* PBXTargetDependency */ = {
			isa = PBXTargetDependency;
			target = EB73709C207298E9003D8F47 /* XCCov-Demo */;
			targetProxy = EB7370B6207298EA003D8F47 /* PBXContainerItemProxy */;
		};
		EB7370C2207298EA003D8F47 /* PBXTargetDependency */ = {
			isa = PBXTargetDependency;
			target = EB73709C207298E9003D8F47 /* XCCov-Demo */;
			targetProxy = EB7370C1207298EA003D8F47 /* PBXContainerItemProxy */;
		};
/* End PBXTargetDependency section */

/* Begin PBXVariantGroup section */
		EB7370A8207298E9003D8F47 /* Main.storyboard */ = {
			isa = PBXVariantGroup;
			children = (
				EB7370A9207298E9003D8F47 /* Base */,
			);
			name = Main.storyboard;
			sourceTree = "<group>";
		};
		EB7370AD207298EA003D8F47 /* LaunchScreen.storyboard */ = {
			isa = PBXVariantGroup;
			children = (
				EB7370AE207298EA003D8F47 /* Base */,
			);
			name = LaunchScreen.storyboard;
			sourceTree = "<group>";
		};
/* End PBXVariantGroup section */

/* Begin XCBuildConfiguration section */
		EB7370C7207298EA003D8F47 /* Debug */ = {
			isa = XCBuildConfiguration;
			buildSettings = {
				ALWAYS_SEARCH_USER_PATHS = NO;
				CLANG_ANALYZER_NONNULL = YES;
				CLANG_ANALYZER_NUMBER_OBJECT_CONVERSION = YES_AGGRESSIVE;
				CLANG_CXX_LANGUAGE_STANDARD = "gnu++14";
				CLANG_CXX_LIBRARY = "libc++";
				CLANG_ENABLE_MODULES = YES;
				CLANG_ENABLE_OBJC_ARC = YES;
				CLANG_ENABLE_OBJC_WEAK = YES;
				CLANG_WARN_BLOCK_CAPTURE_AUTORELEASING = YES;
				CLANG_WARN_BOOL_CONVERSION = YES;
				CLANG_WARN_COMMA = YES;
				CLANG_WARN_CONSTANT_CONVERSION = YES;
				CLANG_WARN_DEPRECATED_OBJC_IMPLEMENTATIONS = YES;
				CLANG_WARN_DIRECT_OBJC_ISA_USAGE = YES_ERROR;
				CLANG_WARN_DOCUMENTATION_COMMENTS = YES;
				CLANG_WARN_EMPTY_BODY = YES;
				CLANG_WARN_ENUM_CONVERSION = YES;
				CLANG_WARN_INFINITE_RECURSION = YES;
				CLANG_WARN_INT_CONVERSION = YES;
				CLANG_WARN_NON_LITERAL_NULL_CONVERSION = YES;
				CLANG_WARN_OBJC_IMPLICIT_RETAIN_SELF = YES;
				CLANG_WARN_OBJC_LITERAL_CONVERSION = YES;
				CLANG_WARN_OBJC_ROOT_CLASS = YES_ERROR;
				CLANG_WARN_RANGE_LOOP_ANALYSIS = YES;
				CLANG_WARN_STRICT_PROTOTYPES = YES;
				CLANG_WARN_SUSPICIOUS_MOVE = YES;
				CLANG_WARN_UNGUARDED_AVAILABILITY = YES_AGGRESSIVE;
				CLANG_WARN_UNREACHABLE_CODE = YES;
				CLANG_WARN__DUPLICATE_METHOD_MATCH = YES;
				CODE_SIGN_IDENTITY = "iPhone Developer";
				COPY_PHASE_STRIP = NO;
				DEBUG_INFORMATION_FORMAT = dwarf;
				ENABLE_STRICT_OBJC_MSGSEND = YES;
				ENABLE_TESTABILITY = YES;
				GCC_C_LANGUAGE_STANDARD = gnu11;
				GCC_DYNAMIC_NO_PIC = NO;
				GCC_NO_COMMON_BLOCKS = YES;
				GCC_OPTIMIZATION_LEVEL = 0;
				GCC_PREPROCESSOR_DEFINITIONS = (
					"DEBUG=1",
					"$(inherited)",
				);
				GCC_WARN_64_TO_32_BIT_CONVERSION = YES;
				GCC_WARN_ABOUT_RETURN_TYPE = YES_ERROR;
				GCC_WARN_UNDECLARED_SELECTOR = YES;
				GCC_WARN_UNINITIALIZED_AUTOS = YES_AGGRESSIVE;
				GCC_WARN_UNUSED_FUNCTION = YES;
				GCC_WARN_UNUSED_VARIABLE = YES;
				IPHONEOS_DEPLOYMENT_TARGET = 11.3;
				MTL_ENABLE_DEBUG_INFO = YES;
				ONLY_ACTIVE_ARCH = YES;
				SDKROOT = iphoneos;
				SWIFT_ACTIVE_COMPILATION_CONDITIONS = DEBUG;
				SWIFT_OPTIMIZATION_LEVEL = "-Onone";
			};
			name = Debug;
		};
		EB7370C8207298EA003D8F47 /* Release */ = {
			isa = XCBuildConfiguration;
			buildSettings = {
				ALWAYS_SEARCH_USER_PATHS = NO;
				CLANG_ANALYZER_NONNULL = YES;
				CLANG_ANALYZER_NUMBER_OBJECT_CONVERSION = YES_AGGRESSIVE;
				CLANG_CXX_LANGUAGE_STANDARD = "gnu++14";
				CLANG_CXX_LIBRARY = "libc++";
				CLANG_ENABLE_MODULES = YES;
				CLANG_ENABLE_OBJC_ARC = YES;
				CLANG_ENABLE_OBJC_WEAK = YES;
				CLANG_WARN_BLOCK_CAPTURE_AUTORELEASING = YES;
				CLANG_WARN_BOOL_CONVERSION = YES;
				CLANG_WARN_COMMA = YES;
				CLANG_WARN_CONSTANT_CONVERSION = YES;
				CLANG_WARN_DEPRECATED_OBJC_IMPLEMENTATIONS = YES;
				CLANG_WARN_DIRECT_OBJC_ISA_USAGE = YES_ERROR;
				CLANG_WARN_DOCUMENTATION_COMMENTS = YES;
				CLANG_WARN_EMPTY_BODY = YES;
				CLANG_WARN_ENUM_CONVERSION = YES;
				CLANG_WARN_INFINITE_RECURSION = YES;
				CLANG_WARN_INT_CONVERSION = YES;
				CLANG_WARN_NON_LITERAL_NULL_CONVERSION = YES;
				CLANG_WARN_OBJC_IMPLICIT_RETAIN_SELF = YES;
				CLANG_WARN_OBJC_LITERAL_CONVERSION = YES;
				CLANG_WARN_OBJC_ROOT_CLASS = YES_ERROR;
				CLANG_WARN_RANGE_LOOP_ANALYSIS = YES;
				CLANG_WARN_STRICT_PROTOTYPES = YES;
				CLANG_WARN_SUSPICIOUS_MOVE = YES;
				CLANG_WARN_UNGUARDED_AVAILABILITY = YES_AGGRESSIVE;
				CLANG_WARN_UNREACHABLE_CODE = YES;
				CLANG_WARN__DUPLICATE_METHOD_MATCH = YES;
				CODE_SIGN_IDENTITY = "iPhone Developer";
				COPY_PHASE_STRIP = NO;
				DEBUG_INFORMATION_FORMAT = "dwarf-with-dsym";
				ENABLE_NS_ASSERTIONS = NO;
				ENABLE_STRICT_OBJC_MSGSEND = YES;
				GCC_C_LANGUAGE_STANDARD = gnu11;
				GCC_NO_COMMON_BLOCKS = YES;
				GCC_WARN_64_TO_32_BIT_CONVERSION = YES;
				GCC_WARN_ABOUT_RETURN_TYPE = YES_ERROR;
				GCC_WARN_UNDECLARED_SELECTOR = YES;
				GCC_WARN_UNINITIALIZED_AUTOS = YES_AGGRESSIVE;
				GCC_WARN_UNUSED_FUNCTION = YES;
				GCC_WARN_UNUSED_VARIABLE = YES;
				IPHONEOS_DEPLOYMENT_TARGET = 11.3;
				MTL_ENABLE_DEBUG_INFO = NO;
				SDKROOT = iphoneos;
				SWIFT_COMPILATION_MODE = wholemodule;
				SWIFT_OPTIMIZATION_LEVEL = "-O";
				VALIDATE_PRODUCT = YES;
			};
			name = Release;
		};
		EB7370CA207298EA003D8F47 /* Debug */ = {
			isa = XCBuildConfiguration;
			buildSettings = {
				ASSETCATALOG_COMPILER_APPICON_NAME = AppIcon;
				CODE_SIGN_STYLE = Automatic;
				INFOPLIST_FILE = "XCCov-Demo/Info.plist";
				LD_RUNPATH_SEARCH_PATHS = (
					"$(inherited)",
					"@executable_path/Frameworks",
				);
				PRODUCT_BUNDLE_IDENTIFIER = "test.XCCov-Demo";
				PRODUCT_NAME = "$(TARGET_NAME)";
				SWIFT_VERSION = 4.0;
				TARGETED_DEVICE_FAMILY = "1,2";
			};
			name = Debug;
		};
		EB7370CB207298EA003D8F47 /* Release */ = {
			isa = XCBuildConfiguration;
			buildSettings = {
				ASSETCATALOG_COMPILER_APPICON_NAME = AppIcon;
				CODE_SIGN_STYLE = Automatic;
				INFOPLIST_FILE = "XCCov-Demo/Info.plist";
				LD_RUNPATH_SEARCH_PATHS = (
					"$(inherited)",
					"@executable_path/Frameworks",
				);
				PRODUCT_BUNDLE_IDENTIFIER = "test.XCCov-Demo";
				PRODUCT_NAME = "$(TARGET_NAME)";
				SWIFT_VERSION = 4.0;
				TARGETED_DEVICE_FAMILY = "1,2";
			};
			name = Release;
		};
		EB7370CD207298EA003D8F47 /* Debug */ = {
			isa = XCBuildConfiguration;
			buildSettings = {
				ALWAYS_EMBED_SWIFT_STANDARD_LIBRARIES = YES;
				BUNDLE_LOADER = "$(TEST_HOST)";
				CODE_SIGN_STYLE = Automatic;
				INFOPLIST_FILE = "XCCov-DemoTests/Info.plist";
				LD_RUNPATH_SEARCH_PATHS = (
					"$(inherited)",
					"@executable_path/Frameworks",
					"@loader_path/Frameworks",
				);
				PRODUCT_BUNDLE_IDENTIFIER = "test.XCCov-DemoTests";
				PRODUCT_NAME = "$(TARGET_NAME)";
				SWIFT_VERSION = 4.0;
				TARGETED_DEVICE_FAMILY = "1,2";
				TEST_HOST = "$(BUILT_PRODUCTS_DIR)/XCCov-Demo.app/XCCov-Demo";
			};
			name = Debug;
		};
		EB7370CE207298EA003D8F47 /* Release */ = {
			isa = XCBuildConfiguration;
			buildSettings = {
				ALWAYS_EMBED_SWIFT_STANDARD_LIBRARIES = YES;
				BUNDLE_LOADER = "$(TEST_HOST)";
				CODE_SIGN_STYLE = Automatic;
				INFOPLIST_FILE = "XCCov-DemoTests/Info.plist";
				LD_RUNPATH_SEARCH_PATHS = (
					"$(inherited)",
					"@executable_path/Frameworks",
					"@loader_path/Frameworks",
				);
				PRODUCT_BUNDLE_IDENTIFIER = "test.XCCov-DemoTests";
				PRODUCT_NAME = "$(TARGET_NAME)";
				SWIFT_VERSION = 4.0;
				TARGETED_DEVICE_FAMILY = "1,2";
				TEST_HOST = "$(BUILT_PRODUCTS_DIR)/XCCov-Demo.app/XCCov-Demo";
			};
			name = Release;
		};
		EB7370D0207298EA003D8F47 /* Debug */ = {
			isa = XCBuildConfiguration;
			buildSettings = {
				ALWAYS_EMBED_SWIFT_STANDARD_LIBRARIES = YES;
				CODE_SIGN_STYLE = Automatic;
				INFOPLIST_FILE = "XCCov-DemoUITests/Info.plist";
				LD_RUNPATH_SEARCH_PATHS = (
					"$(inherited)",
					"@executable_path/Frameworks",
					"@loader_path/Frameworks",
				);
				PRODUCT_BUNDLE_IDENTIFIER = "test.XCCov-DemoUITests";
				PRODUCT_NAME = "$(TARGET_NAME)";
				SWIFT_VERSION = 4.0;
				TARGETED_DEVICE_FAMILY = "1,2";
				TEST_TARGET_NAME = "XCCov-Demo";
			};
			name = Debug;
		};
		EB7370D1207298EA003D8F47 /* Release */ = {
			isa = XCBuildConfiguration;
			buildSettings = {
				ALWAYS_EMBED_SWIFT_STANDARD_LIBRARIES = YES;
				CODE_SIGN_STYLE = Automatic;
				INFOPLIST_FILE = "XCCov-DemoUITests/Info.plist";
				LD_RUNPATH_SEARCH_PATHS = (
					"$(inherited)",
					"@executable_path/Frameworks",
					"@loader_path/Frameworks",
				);
				PRODUCT_BUNDLE_IDENTIFIER = "test.XCCov-DemoUITests";
				PRODUCT_NAME = "$(TARGET_NAME)";
				SWIFT_VERSION = 4.0;
				TARGETED_DEVICE_FAMILY = "1,2";
				TEST_TARGET_NAME = "XCCov-Demo";
			};
			name = Release;
		};
/* End XCBuildConfiguration section */

/* Begin XCConfigurationList section */
		EB737098207298E9003D8F47 /* Build configuration list for PBXProject "XCCov-Demo" */ = {
			isa = XCConfigurationList;
			buildConfigurations = (
				EB7370C7207298EA003D8F47 /* Debug */,
				EB7370C8207298EA003D8F47 /* Release */,
			);
			defaultConfigurationIsVisible = 0;
			defaultConfigurationName = Release;
		};
		EB7370C9207298EA003D8F47 /* Build configuration list for PBXNativeTarget "XCCov-Demo" */ = {
			isa = XCConfigurationList;
			buildConfigurations = (
				EB7370CA207298EA003D8F47 /* Debug */,
				EB7370CB207298EA003D8F47 /* Release */,
			);
			defaultConfigurationIsVisible = 0;
			defaultConfigurationName = Release;
		};
		EB7370CC207298EA003D8F47 /* Build configuration list for PBXNativeTarget "XCCov-DemoTests" */ = {
			isa = XCConfigurationList;
			buildConfigurations = (
				EB7370CD207298EA003D8F47 /* Debug */,
				EB7370CE207298EA003D8F47 /* Release */,
			);
			defaultConfigurationIsVisible = 0;
			defaultConfigurationName = Release;
		};
		EB7370CF207298EA003D8F47 /* Build configuration list for PBXNativeTarget "XCCov-DemoUITests" */ = {
			isa = XCConfigurationList;
			buildConfigurations = (
				EB7370D0207298EA003D8F47 /* Debug */,
				EB7370D1207298EA003D8F47 /* Release */,
			);
			defaultConfigurationIsVisible = 0;
			defaultConfigurationName = Release;
		};
/* End XCConfigurationList section */
	};
	rootObject = EB737095207298E9003D8F47 /* Project object */;
}
